
Microsoft Visual Studio Solution File, Format Version 12.00
# Visual Studio Version 17
VisualStudioVersion = 17.8.34322.80
MinimumVisualStudioVersion = 10.0.40219.1
Project("{FAE04EC0-301F-11D3-BF4B-00C04F79EFBC}") = "WebApplication2", "WebApplication2\WebApplication2.csproj", "{A8C20123-7527-4C7E-9EEC-15400CB3FA60}"
EndProject
Global
	GlobalSection(SolutionConfigurationPlatforms) = preSolution
		Debug|Any CPU = Debug|Any CPU
		Release|Any CPU = Release|Any CPU
	EndGlobalSection
	GlobalSection(ProjectConfigurationPlatforms) = postSolution
		{A8C20123-7527-4C7E-9EEC-15400CB3FA60}.Debug|Any CPU.ActiveCfg = Debug|Any CPU
		{A8C20123-7527-4C7E-9EEC-15400CB3FA60}.Debug|Any CPU.Build.0 = Debug|Any CPU
		{A8C20123-7527-4C7E-9EEC-15400CB3FA60}.Release|Any CPU.ActiveCfg = Release|Any CPU
		{A8C20123-7527-4C7E-9EEC-15400CB3FA60}.Release|Any CPU.Build.0 = Release|Any CPU
	EndGlobalSection
	GlobalSection(SolutionProperties) = preSolution
		HideSolutionNode = FALSE
	EndGlobalSection
	GlobalSection(ExtensibilityGlobals) = postSolution
		SolutionGuid = {AC7A85EF-2185-41BA-8097-BFE45EB7A4DF}
	EndGlobalSection
EndGlobal
